{
  "version": "5",
  "remote": {
    "https://deno.land/std@0.137.0/_util/assert.ts": "e94f2eb37cebd7f199952e242c77654e43333c1ac4c5c700e929ea3aa5489f74",
    "https://deno.land/std@0.137.0/_util/os.ts": "49b92edea1e82ba295ec946de8ffd956ed123e2948d9bd1d3e901b04e4307617",
    "https://deno.land/std@0.137.0/flags/mod.ts": "9bd361fd5487f5e06cae4e0b5237a83c2908202f4a76944ba1312029f6c11b95",
    "https://deno.land/std@0.137.0/path/_constants.ts": "df1db3ffa6dd6d1252cc9617e5d72165cd2483df90e93833e13580687b6083c3",
    "https://deno.land/std@0.137.0/path/_interface.ts": "ee3b431a336b80cf445441109d089b70d87d5e248f4f90ff906820889ecf8d09",
    "https://deno.land/std@0.137.0/path/_util.ts": "c1e9686d0164e29f7d880b2158971d805b6e0efc3110d0b3e24e4b8af2190d2b",
    "https://deno.land/std@0.137.0/path/common.ts": "bee563630abd2d97f99d83c96c2fa0cca7cee103e8cb4e7699ec4d5db7bd2633",
    "https://deno.land/std@0.137.0/path/glob.ts": "cb5255638de1048973c3e69e420c77dc04f75755524cb3b2e160fe9277d939ee",
    "https://deno.land/std@0.137.0/path/mod.ts": "4275129bb766f0e475ecc5246aa35689eeade419d72a48355203f31802640be7",
    "https://deno.land/std@0.137.0/path/posix.ts": "293cdaec3ecccec0a9cc2b534302dfe308adb6f10861fa183275d6695faace44",
    "https://deno.land/std@0.137.0/path/separator.ts": "fe1816cb765a8068afb3e8f13ad272351c85cbc739af56dacfc7d93d710fe0f9",
    "https://deno.land/std@0.137.0/path/win32.ts": "31811536855e19ba37a999cd8d1b62078235548d67902ece4aa6b814596dd757",
    "https://deno.land/x/rimbu@0.10.0/base/arr.ts": "0f6fbc3ad30be945a1b1d64bac1e2c1b2e6cf1ff7140f99094346f482c0dc6db",
    "https://deno.land/x/rimbu@0.10.0/base/entry.ts": "da9db74aad7812549e5056fe945315490085640ec31aa227429caee893af3115",
    "https://deno.land/x/rimbu@0.10.0/base/index.ts": "f7a68b6b760aa9bc408da18501fc730b6d08ecfc4b24941955b5e2abaa8ab9c3",
    "https://deno.land/x/rimbu@0.10.0/base/internal.ts": "0d422ef86ea9a35e7b96c2f69d3fc2f6b7e02ca2ddc14438222723bc2941dacd",
    "https://deno.land/x/rimbu@0.10.0/base/mod.ts": "882e3724ca160624f934070ead4633e971f81a90dcedc03a428f20769e96307b",
    "https://deno.land/x/rimbu@0.10.0/base/rimbu-error.ts": "bf45e2bd438745b53a11e9841d3047265fa1aba4ab1cc5d379c593db9a9c7f51",
    "https://deno.land/x/rimbu@0.10.0/base/token.ts": "84b0b771d85655ce508fcc3c42276bc00553cffa576ac8c3dc30715b366e6ca5",
    "https://deno.land/x/rimbu@0.10.0/bimap/custom/implementation/builder.ts": "89c94544b3c66fa61366282a593ee0da8ee817eb443a4119a2feb2721e9f1c32",
    "https://deno.land/x/rimbu@0.10.0/bimap/custom/implementation/context.ts": "6efd2736a745cc4c90a9e63f6f0ff32f5678e0803b20f2db89ab81be796c4a69",
    "https://deno.land/x/rimbu@0.10.0/bimap/custom/implementation/immutable.ts": "a84d066e6a4b7ea068bf3667d67b36d9ea7292eef326356b5dcc2cb311d06b72",
    "https://deno.land/x/rimbu@0.10.0/bimap/custom/index.ts": "87b8b2f84ec6e7674663fe56167c377bdca5368abfa69e49fb375c106b3ed2bc",
    "https://deno.land/x/rimbu@0.10.0/bimap/custom/interface.ts": "14ca0ed05404c31f7c3c9dd5b08a5d3e7afeb3727447106c4d94588bf681d159",
    "https://deno.land/x/rimbu@0.10.0/bimap/main/index.ts": "5b7c4351206d1d4de4c6a29b043c817f0f9d408d18500f516b733233f80b1de6",
    "https://deno.land/x/rimbu@0.10.0/bimap/main/interface.ts": "d0013877ced0685e76d56d7fa6c75216398269b4a810833568ced8e22040bd1d",
    "https://deno.land/x/rimbu@0.10.0/bimap/mod.ts": "cb617a8c2ad18f0ac70d19b7fc95334e602025f7457b42b5f36aca7479687aba",
    "https://deno.land/x/rimbu@0.10.0/bimultimap/custom/implementation/builder.ts": "8cc02917dbf2815116c4b96c01dfa51b24141154ead4edb306be75a33e3757f8",
    "https://deno.land/x/rimbu@0.10.0/bimultimap/custom/implementation/context.ts": "0df9b88f852ec15022ecf727d5cb70445b95f65b03a5904c8a4d9de07390911a",
    "https://deno.land/x/rimbu@0.10.0/bimultimap/custom/implementation/immutable.ts": "f10a7df61461398a73a1fb64a5d803e88bfb495b029381e4c2a9de69f4da1ead",
    "https://deno.land/x/rimbu@0.10.0/bimultimap/custom/index.ts": "ae72cb21c280ca573c809b910637d5b82af90d22d743aa8a0bff3ed4a6a9d5ef",
    "https://deno.land/x/rimbu@0.10.0/bimultimap/custom/interface/base.ts": "7c5ab3195ce55b3ee90680a045547e28fb0bea300417b0fcb3508046c196bfcb",
    "https://deno.land/x/rimbu@0.10.0/bimultimap/custom/interface/generic.ts": "81f6290aa8b4a460ae17e4fd5386eb105fed3def60b1b8e71ebf69e15979b2fc",
    "https://deno.land/x/rimbu@0.10.0/bimultimap/custom/interface/hashed.ts": "565b466b9ae9660d30a4649d19155b240558d28b886af21783607415a22b6065",
    "https://deno.land/x/rimbu@0.10.0/bimultimap/custom/interface/sorted.ts": "277e630360185a46cd9d98966d2a3fbd300850ec5ed5ca7738eb38c693e300fd",
    "https://deno.land/x/rimbu@0.10.0/bimultimap/main/index.ts": "b09d5d95251288cbe8a644d6388a7337a57093b9136f2f001dcef306f6529bd1",
    "https://deno.land/x/rimbu@0.10.0/bimultimap/main/interface/generic/index.ts": "2483840b5a67263c3d46ea68dac61b52d0782918954d46a163e9476e25c84938",
    "https://deno.land/x/rimbu@0.10.0/bimultimap/main/interface/hashed/index.ts": "4a74a3b4d31d120ff6973276c4031734dfe4461795b980113020c3c4541c7652",
    "https://deno.land/x/rimbu@0.10.0/bimultimap/main/interface/sorted/index.ts": "8379019ddea9150e649c387f1d5990a70e60d0a58f2a56b5082481b9b7d24b7a",
    "https://deno.land/x/rimbu@0.10.0/bimultimap/mod.ts": "cb617a8c2ad18f0ac70d19b7fc95334e602025f7457b42b5f36aca7479687aba",
    "https://deno.land/x/rimbu@0.10.0/collection-types/common/base.ts": "ea96c75a10707688b0db47f73f9cebc95ea6deee0aeb42ff0cc3f5c8e8626057",
    "https://deno.land/x/rimbu@0.10.0/collection-types/common/index.ts": "bf8c43d40d049ae280fb78b085fce7362f872c536a75ff11943f6911d8b0edb4",
    "https://deno.land/x/rimbu@0.10.0/collection-types/common/types.ts": "b9fd1f7b022651d91272e85f2325e23cdd2a7aca7b1670931a8263e40382d63b",
    "https://deno.land/x/rimbu@0.10.0/collection-types/main/index.ts": "ff176780239ac5697d2434996cbf621967c1d4473cd8532c11bb9c540b6a19aa",
    "https://deno.land/x/rimbu@0.10.0/collection-types/map-custom/index.ts": "bdcdc6c0eae002c285a9e18dc882bef0af682905b1eedd2336ba8660e0fe7b8b",
    "https://deno.land/x/rimbu@0.10.0/collection-types/map-custom/interface/index.ts": "8cdf91f1544770fa6b9e5a7cfd68f3ef4fef1d3e2727c35375fad0ac5cd39b86",
    "https://deno.land/x/rimbu@0.10.0/collection-types/map/index.ts": "4e3ecef3b6c5de5841194fe4f0b1c1e9a89aad899b40fe6a8100b71034171b6e",
    "https://deno.land/x/rimbu@0.10.0/collection-types/map/interface/generic.ts": "644559f65e86e3e3593c04e1c3996c8c2895c55c6920553e4c023407ced3f31f",
    "https://deno.land/x/rimbu@0.10.0/collection-types/map/interface/variant.ts": "10738c2d6c467b0813582d8566cfcb9fd82fd9bb4184a5d7cf4495fc2ec7f2d3",
    "https://deno.land/x/rimbu@0.10.0/collection-types/mod.ts": "cb617a8c2ad18f0ac70d19b7fc95334e602025f7457b42b5f36aca7479687aba",
    "https://deno.land/x/rimbu@0.10.0/collection-types/set-custom/index.ts": "a7b1aadd0b04ee5fd3c2f3207e0ef015fdba0124851af39d27039b25ff88f809",
    "https://deno.land/x/rimbu@0.10.0/collection-types/set-custom/interface/base.ts": "12f25b766557eb3ec68ef4653bd27cafbaffc67aa83ecadee864d05b83d68a9d",
    "https://deno.land/x/rimbu@0.10.0/collection-types/set/index.ts": "85d47ae3cb6fc503913c24b3161f6486768363a3a3b5708450720bce57669161",
    "https://deno.land/x/rimbu@0.10.0/collection-types/set/interface/generic.ts": "f071a47c24158b4af4aa46b997d3d0948ab1abb9c749f3b892ff522e203c17a0",
    "https://deno.land/x/rimbu@0.10.0/collection-types/set/interface/variant.ts": "65d40f979d3023ef24e61140d407bf179f4c7b7e1709c77caa3c07b56bcea297",
    "https://deno.land/x/rimbu@0.10.0/common/async-optlazy.ts": "25cbadf57741e340372e068e2b3dbd5bff3a3e4bfd195f3ecf6ea49253acf640",
    "https://deno.land/x/rimbu@0.10.0/common/async-reducer.ts": "3109f30ec2669acc7b926f5af5d88a36f6509418e855fb5adb9acd22ac419933",
    "https://deno.land/x/rimbu@0.10.0/common/collect.ts": "8dfc21dc0a6b879d89bafcd2e26d228a717f2de8483a4f61cab3181799e9bb89",
    "https://deno.land/x/rimbu@0.10.0/common/comp.ts": "23c976c77dada2efe8a519b950d796860d4444db0d5413835792033ff53daf7d",
    "https://deno.land/x/rimbu@0.10.0/common/eq.ts": "30167fc1608623d1d11d1cb6db8818aa4c289cfae6a6e794825cc3961538e8e1",
    "https://deno.land/x/rimbu@0.10.0/common/err.ts": "ba8075e82fa588b9f399012a733cd5cbd80462f8e6691a3250a3ed5ca84db43c",
    "https://deno.land/x/rimbu@0.10.0/common/index-range.ts": "25ee4085bddc054fcc8a3b1e0f3b7fa68321cbc3362946045ebbe1a85b177e12",
    "https://deno.land/x/rimbu@0.10.0/common/index.ts": "9ccba32bf2f6615e276010ca5d916195cb291eb0bbd96f23cf93b7f2bd5c4d94",
    "https://deno.land/x/rimbu@0.10.0/common/internal.ts": "f61122583c9f94b14c417528dafe4e995d620d0aa6473f47b48eb345c5fd4d14",
    "https://deno.land/x/rimbu@0.10.0/common/mod.ts": "882e3724ca160624f934070ead4633e971f81a90dcedc03a428f20769e96307b",
    "https://deno.land/x/rimbu@0.10.0/common/optlazy.ts": "3262f6eedc800583633d63050930cf0916e28d651b98cfff9001d82127f6368d",
    "https://deno.land/x/rimbu@0.10.0/common/range.ts": "535322c0968f194399c8ec8281386b701acbd6a597d04dca02b3c43acdea577c",
    "https://deno.land/x/rimbu@0.10.0/common/reducer.ts": "4ed0cdbb438a35befeac91d1198ef3ee2a9d986ff2e39436a362def4f87d7540",
    "https://deno.land/x/rimbu@0.10.0/common/traverse-state.ts": "05aaf4ccbcad3e44c8ff42033ab2a87d59dc0661342283dffded6d34222c2d64",
    "https://deno.land/x/rimbu@0.10.0/common/types.ts": "cce34c2c1d529f708debef3ebcd6b1d2846a44290db2d9cfd40a67d5263216c4",
    "https://deno.land/x/rimbu@0.10.0/common/update.ts": "060ffb2e9bfc96ae0916b074aa3c0af8fbcc28164e486e3999a2ceee6d2539bd",
    "https://deno.land/x/rimbu@0.10.0/core/main/exports.ts": "437e41d691df5edf63c43719a9a765cca74477c86fb0785a798bfd3ab7d4913d",
    "https://deno.land/x/rimbu@0.10.0/core/main/index.ts": "694a858ae5fed8f1fb991f12016836914b91062cd6325021e9e11c3e656c53c5",
    "https://deno.land/x/rimbu@0.10.0/core/mod.ts": "cb617a8c2ad18f0ac70d19b7fc95334e602025f7457b42b5f36aca7479687aba",
    "https://deno.land/x/rimbu@0.10.0/deep/immutable.ts": "58b97f562c81d92ea113a29fb19e83df8558b89fd6118284addbafe14f831103",
    "https://deno.land/x/rimbu@0.10.0/deep/index.ts": "336a6652762182a45cb954ea5a0be6fd3ac33e417cd0efe05222c58401afdbff",
    "https://deno.land/x/rimbu@0.10.0/deep/internal.ts": "ad38e58b2150cd32e7e816916d8049ab292d9c3d1591a45b121bcda545eab6b6",
    "https://deno.land/x/rimbu@0.10.0/deep/literal.ts": "95bc38d7951aaf3fe2287a2854ff216564d11c8863a68c4c426ba54520c8d416",
    "https://deno.land/x/rimbu@0.10.0/deep/match.ts": "b8a3e5a3bcaa38a5ed31d36b23d420fb3100a2f5f6bc9b32b29d15b076bdca06",
    "https://deno.land/x/rimbu@0.10.0/deep/mod.ts": "882e3724ca160624f934070ead4633e971f81a90dcedc03a428f20769e96307b",
    "https://deno.land/x/rimbu@0.10.0/deep/patch.ts": "55a44d8f0d0ce871058c1b48303f4a1d9c030cb349d2ac7db641ac2f4f96cc00",
    "https://deno.land/x/rimbu@0.10.0/deep/path.ts": "1967992a6bcdd39102cce587c9b713ba96b98c56d099ce93fc6cf5b883dba59c",
    "https://deno.land/x/rimbu@0.10.0/deep/tuple.ts": "2590a52cfa002a1b9a6c443b6eff432339996618573a8fa86c55c985b1694b9a",
    "https://deno.land/x/rimbu@0.10.0/graph/custom/common/implementation/base.ts": "72fe82699914cb24f05862541be31f0f0bebd7683f14a41dee768bb92de9015b",
    "https://deno.land/x/rimbu@0.10.0/graph/custom/common/index.ts": "5add9691fb1455cd56d1977d171e0e048ef0bcbb2f7933f71d45d045bb2e72f0",
    "https://deno.land/x/rimbu@0.10.0/graph/custom/common/interface/graph-base.ts": "e8ed2295abbec30444d75f916845fbf24012195ddf83402ee530f999761fd543",
    "https://deno.land/x/rimbu@0.10.0/graph/custom/common/interface/variant-graph-base.ts": "835a269260d51a0707c7077bf367303b0b10d16e33077a822a9b3a584a9fa473",
    "https://deno.land/x/rimbu@0.10.0/graph/custom/common/link.ts": "9e3d2437a43c940d1be0d08919352c90964dc1bbffaaebe0188c1d6b7866d2ca",
    "https://deno.land/x/rimbu@0.10.0/graph/custom/common/valued-link.ts": "ccfb5d32ad75d314f1aca6f6a5ffdbfaa3d4d43abb7cf726f5b05787163df05d",
    "https://deno.land/x/rimbu@0.10.0/graph/custom/index.ts": "7f9bf8985de016c1e53fe415fc54e06237086d5b5091dea87f1ea028352896ab",
    "https://deno.land/x/rimbu@0.10.0/graph/custom/non-valued/implementation/builder.ts": "254c7e5589ad4785362f06d11b9043fb3825d11cb275a8cc6ea201ca68dc3c8c",
    "https://deno.land/x/rimbu@0.10.0/graph/custom/non-valued/implementation/context.ts": "cece5edfc780ba2033bee8a7752f84e4a00201c5508c12037363ea6dcf27ac51",
    "https://deno.land/x/rimbu@0.10.0/graph/custom/non-valued/implementation/empty.ts": "7542cd296644fb51d95901a8818c1b608f1b455526188710b4a3f5ae539dfec4",
    "https://deno.land/x/rimbu@0.10.0/graph/custom/non-valued/implementation/non-empty.ts": "0f921678e8b4d91f2d8853ca9b4db2d208eaf6efcf4a632958876f0f6fbe8d21",
    "https://deno.land/x/rimbu@0.10.0/graph/custom/non-valued/interface/arrow-graph-base.ts": "0c23707233f8606f5fba0b7bcfe61cb734d7b35088d4168434d1024ff9503049",
    "https://deno.land/x/rimbu@0.10.0/graph/custom/non-valued/interface/arrow-graph-creators.ts": "0d1271ac09809e403b2aee8c2ca6b40d58f207dea990a0b155ec6566743035e5",
    "https://deno.land/x/rimbu@0.10.0/graph/custom/non-valued/interface/edge-graph-base.ts": "48a1f2576d222f175b4198aea652239f2e5929be233b34e995ec82bc40eb8f2e",
    "https://deno.land/x/rimbu@0.10.0/graph/custom/non-valued/interface/edge-graph-creators.ts": "70002a34d80b32821c81bc4d617cd75fba3618290831fa02bfc341bbbeb13ca6",
    "https://deno.land/x/rimbu@0.10.0/graph/custom/valued/implementation/builder.ts": "7944cf0593335ce64b99e05748d934fa5ff8b37fe77e103afb57b531497682f2",
    "https://deno.land/x/rimbu@0.10.0/graph/custom/valued/implementation/context.ts": "e7bab8c9fcae2de6e63a214e144753150260bbad6bb7ff6a81e4585982ec3339",
    "https://deno.land/x/rimbu@0.10.0/graph/custom/valued/implementation/empty.ts": "7c9da2c42792ffda837d7a3e7e8105a0d77956009c892536be711ebd92af6067",
    "https://deno.land/x/rimbu@0.10.0/graph/custom/valued/implementation/non-empty.ts": "4cd6ba95e70b22e16e3b66df5912a824d9b47dfbb6ba5c0c4411874958514154",
    "https://deno.land/x/rimbu@0.10.0/graph/custom/valued/interface/arrow/arrow-valued-graph-base.ts": "63e17ece4cef77258f00380d4bd5525253be65e80d84dde199101f5efbe6f029",
    "https://deno.land/x/rimbu@0.10.0/graph/custom/valued/interface/arrow/arrow-valued-graph-creators.ts": "09e581317ae374e2c2b3cfc8c50365872f629c615188047210583f04d3aed281",
    "https://deno.land/x/rimbu@0.10.0/graph/custom/valued/interface/edge/edge-valued-graph-base.ts": "fc4de2c0c7c3c774f64d907dee94fa07b5d7557c60ff6f69192fd2e979bf3af3",
    "https://deno.land/x/rimbu@0.10.0/graph/custom/valued/interface/edge/edge-valued-graph-creators.ts": "a52c27b966e03308ddbb70b4d0335247348983f085a802e7862ce3e1430bf0be",
    "https://deno.land/x/rimbu@0.10.0/graph/custom/valued/interface/generic/valued-graph-base.ts": "5e413e570f67851887064a26e1207c42f820a733380617549e0459cfdf9ce9b2",
    "https://deno.land/x/rimbu@0.10.0/graph/custom/valued/interface/generic/variant-valued-graph-base.ts": "f2663bbe9509dbb1d4749f3b47a93c5066969e08628bace31581775c9c5cf5f4",
    "https://deno.land/x/rimbu@0.10.0/graph/main/common/interface/graph.ts": "fad9c1d29543afb06d59f03877d65db562ca1fe74e0440c8e5c04a46a9ae77e2",
    "https://deno.land/x/rimbu@0.10.0/graph/main/common/interface/variant-graph.ts": "f1500c8b1f13d6857a6189441957f7eae58ff97bdf0caf5055e20d0511c94112",
    "https://deno.land/x/rimbu@0.10.0/graph/main/index.ts": "b8cea8093792a22400aa2757e19b932885aa6c1b3c1433a6ed8d9d093261b158",
    "https://deno.land/x/rimbu@0.10.0/graph/main/non-valued/interface/arrow/arrow-graph-hashed.ts": "db74d0453120aa3b58b3e4fd5d6272c6daa6f13a3e8745b4d9123af5fb1b3220",
    "https://deno.land/x/rimbu@0.10.0/graph/main/non-valued/interface/arrow/arrow-graph-sorted.ts": "cd5a9bad07a13bc4a862c9ef0347bb1b659e5f8e9f99e04c34d89acd0c4cb8df",
    "https://deno.land/x/rimbu@0.10.0/graph/main/non-valued/interface/arrow/arrow-graph.ts": "0efa1b3ed876b042ca9fdc614c7b7785821fc55f107ddd215c64ebe9232184da",
    "https://deno.land/x/rimbu@0.10.0/graph/main/non-valued/interface/edge/edge-graph-hashed.ts": "9fa66748bfe32a316ced25b1e94e08fc8b49064af55739d9b57ce89ce0a6e189",
    "https://deno.land/x/rimbu@0.10.0/graph/main/non-valued/interface/edge/edge-graph-sorted.ts": "ed0dead770a27ee4549566a6eb8b498b18cbef0f0c2e96d6c73be837bd27a2b7",
    "https://deno.land/x/rimbu@0.10.0/graph/main/non-valued/interface/edge/edge-graph.ts": "ce0c13dae7a21155d2641e308bfcc669a85e5d93a4496411ef0e59ca1fa5bf24",
    "https://deno.land/x/rimbu@0.10.0/graph/main/traverse/index.ts": "96e7236484ff326e6e2d774217f7b0b8a0eb88688cb4fbbe13178e8252e4b8b4",
    "https://deno.land/x/rimbu@0.10.0/graph/main/traverse/traverse-base.ts": "8a9b645446c1ccdcab4d3ac9c394f0f4d9cb535fd1a63b796f6b72c20197f3ec",
    "https://deno.land/x/rimbu@0.10.0/graph/main/traverse/traverse-breadth-first.ts": "0b18e43bffa66c10f7fd7f9ea8f1bbd24c4d79c3ec66511bac7ce54e7ade233a",
    "https://deno.land/x/rimbu@0.10.0/graph/main/traverse/traverse-depth-first.ts": "234d8a14cee29010334990581801439b22fc67edd9372f09595c718ffa4bdd43",
    "https://deno.land/x/rimbu@0.10.0/graph/main/valued/interface/arrow/arrow-valued-graph-hashed.ts": "ee2ee4da5dce7558a9bfc1ff3613082323b1b0d6571bc7baae16c8154599f9ef",
    "https://deno.land/x/rimbu@0.10.0/graph/main/valued/interface/arrow/arrow-valued-graph-sorted.ts": "632bad7f0fc1bdc1f787268b58410223933dfb7af8dd559df9785518e4a0d785",
    "https://deno.land/x/rimbu@0.10.0/graph/main/valued/interface/arrow/arrow-valued-graph.ts": "983ece815eaac5bbbc01c0ae59781bdd2e3cb0511bc69cdfa0409160789912e4",
    "https://deno.land/x/rimbu@0.10.0/graph/main/valued/interface/edge/edge-valued-graph-hashed.ts": "6b53a1da1df4ea68457f4071075fa88954682fff226ac4c9f2e117e695cab641",
    "https://deno.land/x/rimbu@0.10.0/graph/main/valued/interface/edge/edge-valued-graph-sorted.ts": "ea633325554153f035f231ae83d1b22280951b7c81c856311797b09ffa527282",
    "https://deno.land/x/rimbu@0.10.0/graph/main/valued/interface/edge/edge-valued-graph.ts": "bc80c20d60a9609adb9156d8e505dc90c9903af9cbf106c626611a8d7c7ed40b",
    "https://deno.land/x/rimbu@0.10.0/graph/main/valued/interface/generic/valued-graph.ts": "5a41dc4f3c8705e0ce5c0c60e5cd80ef6be416cb9e34601d3d00416cf3555884",
    "https://deno.land/x/rimbu@0.10.0/graph/main/valued/interface/generic/variant-valued-graph.ts": "b7fa890201a29f83d93d3820a335e3922e15a2f5486d02db56a54bce9851ea0a",
    "https://deno.land/x/rimbu@0.10.0/graph/mod.ts": "cb617a8c2ad18f0ac70d19b7fc95334e602025f7457b42b5f36aca7479687aba",
    "https://deno.land/x/rimbu@0.10.0/hashed/base/hashed-custom.ts": "9792b87ecf4152442935795fc4d46c2f57220a1c00d027ec05c8b61230ff9d46",
    "https://deno.land/x/rimbu@0.10.0/hashed/base/index.ts": "86a19f68f821fa73213c614eef2ca38ab8c8e0b1238e7a9214cf1bf28d8d4c55",
    "https://deno.land/x/rimbu@0.10.0/hashed/common/hasher.ts": "654781930965993f3f9a78578daeb1a80269986928d32fd8bd77338a98e96494",
    "https://deno.land/x/rimbu@0.10.0/hashed/common/index.ts": "d3d828d0fc9901b96d08a15924f71a68b559a69aad1625431a498c66ff336937",
    "https://deno.land/x/rimbu@0.10.0/hashed/main/index.ts": "89abe16133a72f348b2de327e61430b1badef6e080e5a717c28d610d6f903fe8",
    "https://deno.land/x/rimbu@0.10.0/hashed/map-custom/implementation/builder.ts": "f469e9207bd053bf20192ec9b456cbc41b440fd8ff8486c1c83bf063e5ea8da9",
    "https://deno.land/x/rimbu@0.10.0/hashed/map-custom/implementation/context.ts": "f248c0ec95958a78a1c4f8ae23debed30ead53d585b58d9916dd5d059274e435",
    "https://deno.land/x/rimbu@0.10.0/hashed/map-custom/implementation/immutable.ts": "69654525ad2255e729a3ff346bf39be437d12dfd3ada38cc01a75e88be07034c",
    "https://deno.land/x/rimbu@0.10.0/hashed/map-custom/index.ts": "f020dcf538aaee128e5a73cb89aa3948fafdb56165c94854328e5924f963585f",
    "https://deno.land/x/rimbu@0.10.0/hashed/map-custom/interface.ts": "5c7986c961a8107f1b113eda318b6ce1d29a995b0d2c85eef5cc8cad9beeda34",
    "https://deno.land/x/rimbu@0.10.0/hashed/map/index.ts": "a7e922d59c6cb5aa909276bc12c8c95a462c8723361f5e1f1027fa5d270c933f",
    "https://deno.land/x/rimbu@0.10.0/hashed/map/interface/index.ts": "5bccf8f752d9d23a3e07d638f38014c8013df41db757d65173e82f6ad4a68e13",
    "https://deno.land/x/rimbu@0.10.0/hashed/mod.ts": "cb617a8c2ad18f0ac70d19b7fc95334e602025f7457b42b5f36aca7479687aba",
    "https://deno.land/x/rimbu@0.10.0/hashed/set-custom/implementation/builder.ts": "cf6eca4ad599b0f5dfe9e44de113f56c3493e8368ce9f39fc91b4a0e8061a19f",
    "https://deno.land/x/rimbu@0.10.0/hashed/set-custom/implementation/context.ts": "4ca4d937d2f77a4b61f4cd58ebe1f8cdd4ea540b75f227ba28900258011e4c63",
    "https://deno.land/x/rimbu@0.10.0/hashed/set-custom/implementation/immutable.ts": "d881f7bf9045ed01ebcce704471ba73d8bd5ea84ed5a2411e1e045b87bd7c0a8",
    "https://deno.land/x/rimbu@0.10.0/hashed/set-custom/index.ts": "f020dcf538aaee128e5a73cb89aa3948fafdb56165c94854328e5924f963585f",
    "https://deno.land/x/rimbu@0.10.0/hashed/set-custom/interface.ts": "51e6013a4af0cb1cd0077f4f612612ba6d5f6f72cf4100c064d9c1f630ff883e",
    "https://deno.land/x/rimbu@0.10.0/hashed/set/index.ts": "1c04fa0b8b6c891f7c5e44ac77b21ad6fa9de8ff3df55e64761edebdf905383e",
    "https://deno.land/x/rimbu@0.10.0/hashed/set/interface/index.ts": "c79cd8b500289055358847f6f49a39c64ffc59e7dd54c799a429da80bd0b7fb1",
    "https://deno.land/x/rimbu@0.10.0/list/custom/builder/block-builder.ts": "c90972c7a21e07e741f9b8fe201c4cef58119d5ec563cada53edebdf46c8c50c",
    "https://deno.land/x/rimbu@0.10.0/list/custom/builder/builder-base.ts": "71c39a62564a7710c2642c7cf805042c6a5b9ff1602926da92c7c87be8994a48",
    "https://deno.land/x/rimbu@0.10.0/list/custom/builder/gen-builder.ts": "4a425310b8ed12f50d6f4d4aa36be95faeed460ad8ebb62966e552c005e678ce",
    "https://deno.land/x/rimbu@0.10.0/list/custom/builder/leaf/block-builder.ts": "7d9fbdb581eb531c68cccc242237923f13f02e9cadcd12a82eec4f90d5536125",
    "https://deno.land/x/rimbu@0.10.0/list/custom/builder/leaf/leaf-builder.ts": "9e72e3919a6d235e54855001bea2a8fb50b21b6510e8a4c5dd9913ba4c5670f4",
    "https://deno.land/x/rimbu@0.10.0/list/custom/builder/leaf/tree-builder.ts": "5663649f7b9a5ac431dd5fdfc33389ae826696a9cda00505bbb54a312c4ed428",
    "https://deno.land/x/rimbu@0.10.0/list/custom/builder/nonleaf/block-builder.ts": "bd2e61d675011172c12cc8a2ad960a498061d54a8c0d42c0c2e719c50dc84279",
    "https://deno.land/x/rimbu@0.10.0/list/custom/builder/nonleaf/nonleaf-builder.ts": "21e4c429349ffdc243ac1543ad5d64af215eae169e8cf81b066468068228b16a",
    "https://deno.land/x/rimbu@0.10.0/list/custom/builder/nonleaf/tree-builder.ts": "8fa8eca81f521c3d7f1cdc770e9e9910af1ae40beb3ebcbbe4c10a60c2da1311",
    "https://deno.land/x/rimbu@0.10.0/list/custom/builder/tree/tree-builder.ts": "2da45d4dcc01e17fb6a731f7301543afd0ff4649b26a0ba2c2ee36cb252756d7",
    "https://deno.land/x/rimbu@0.10.0/list/custom/context.ts": "12933a3c4230085a9f99ba802123c85b345188a318c6ad5c6f77223832e6a9ec",
    "https://deno.land/x/rimbu@0.10.0/list/custom/implementation/block.ts": "00bafca893ede6324dc1aa75a1b67ee25a8b258f7179bf094a39d0afe5910b44",
    "https://deno.land/x/rimbu@0.10.0/list/custom/implementation/cache-map.ts": "1eab76613f7e1ef6871203483f7798f70341c79ca0325b89b72b118045f3590c",
    "https://deno.land/x/rimbu@0.10.0/list/custom/implementation/empty.ts": "03d32686a045b47122dbe17ddce74f1eeafcbd0546a1b1fc2a1facf376df2a02",
    "https://deno.land/x/rimbu@0.10.0/list/custom/implementation/leaf/leaf-block.ts": "c67111580a426c1c046e560b101890f39e4e76e5bb3062d1ca2efe23f929b599",
    "https://deno.land/x/rimbu@0.10.0/list/custom/implementation/leaf/leaf-tree.ts": "bcf9dfd7067bfbcc3bae02ca4dced9955eee6cf2dfb828d0057136343febd0e1",
    "https://deno.land/x/rimbu@0.10.0/list/custom/implementation/leaf/non-empty.ts": "e0bdce39587c59c6cd96c6c862771348ff85be87334c81a9233569116a2a420d",
    "https://deno.land/x/rimbu@0.10.0/list/custom/implementation/nonleaf/interface.ts": "6f685bf27dff3047ebad3b0b9a906326b263e88bae2065b2f51201cc98d82103",
    "https://deno.land/x/rimbu@0.10.0/list/custom/implementation/nonleaf/nonleaf-block.ts": "ef83dabfb98776fd308b367d043a0847342bd6937d69fecfee32a889f2382110",
    "https://deno.land/x/rimbu@0.10.0/list/custom/implementation/nonleaf/nonleaf-tree.ts": "0457d5dfc5f0daf5ccae41a07add924eeec7083b3b62fb327155a48f3cd6600e",
    "https://deno.land/x/rimbu@0.10.0/list/custom/implementation/tree/interface.ts": "ac8f921bacd9644ae1556c6eda1c309724a6d68262416827d83f47bce8a6083c",
    "https://deno.land/x/rimbu@0.10.0/list/custom/implementation/tree/operations.ts": "685b44aedee41e188a86b947c2badc5a68d89dec94457bf5b47d9a73198e24eb",
    "https://deno.land/x/rimbu@0.10.0/list/custom/index.ts": "144b2b453ac69324acebc4e555d6e2011339e2d5af2a38ed7bb48acf8e0a3af2",
    "https://deno.land/x/rimbu@0.10.0/list/custom/interface.ts": "34a61a4535690b140e67cf1ce37ae259e0e9e32d4d6f1696b282d3eb392031c7",
    "https://deno.land/x/rimbu@0.10.0/list/main/index.ts": "15451f4b1f7a91c3565f311d2356fbe0bdc98e8851d44da3dd8cffb78ba07ec5",
    "https://deno.land/x/rimbu@0.10.0/list/main/interface.ts": "839c68189206652026b5b1971ccac9774949a276c484b4ef030bd1b3f03c57b9",
    "https://deno.land/x/rimbu@0.10.0/list/mod.ts": "cb617a8c2ad18f0ac70d19b7fc95334e602025f7457b42b5f36aca7479687aba",
    "https://deno.land/x/rimbu@0.10.0/mod.ts": "9e9cf5caee2c4d81fa937aeab7a3d41fed5b3b79a4150853a47304fe7092796f",
    "https://deno.land/x/rimbu@0.10.0/multimap/custom/implementation/base.ts": "13bb88277ec5941422a8b927e9a1f0c9b91c4ce7f25be9597589c27283498065",
    "https://deno.land/x/rimbu@0.10.0/multimap/custom/index.ts": "07324391270d7bd3ee877a8f748401043b5bcb50e962152da5fe657a77281e96",
    "https://deno.land/x/rimbu@0.10.0/multimap/custom/interface/base.ts": "470c0bb523940ebc407c9074366c8571694239fa75768512cc2b48b3847dd5be",
    "https://deno.land/x/rimbu@0.10.0/multimap/custom/interface/creators.ts": "fc3584f758267ffaf33aad60aa317dc5c1b07660d8b8166cdf480f95b4500123",
    "https://deno.land/x/rimbu@0.10.0/multimap/main/index.ts": "24b8eb0da9e5813dce65158ef070f23636ed2a87aa97a7e7a370f53724667745",
    "https://deno.land/x/rimbu@0.10.0/multimap/main/interface/generic/generic.ts": "6ffaef5a79c3d435e48c9a812e18f0a96943b989d384b795c7a00fa2116fa055",
    "https://deno.land/x/rimbu@0.10.0/multimap/main/interface/generic/variant.ts": "52d424ed3a8eb38c9666e6dfa2ed88deaafe2a7c373b351bc0fb1a57e8621c49",
    "https://deno.land/x/rimbu@0.10.0/multimap/main/interface/hash-key/hash-value/interface.ts": "9a0b07aaf04303ed5286d62bdeae1dbf4e34b4fa731eeb477e927308035801f7",
    "https://deno.land/x/rimbu@0.10.0/multimap/main/interface/hash-key/sorted-value/interface.ts": "c2bd58b82197dea3510f16b725e1e05d809dede7b7436b285479d245e9d3da76",
    "https://deno.land/x/rimbu@0.10.0/multimap/main/interface/sorted-key/hash-value/interface.ts": "d8742c1f8b9655f9628f34fef06b5da8f96c7e42e8f0e1640ba357d37aa70db6",
    "https://deno.land/x/rimbu@0.10.0/multimap/main/interface/sorted-key/sorted-value/interface.ts": "8c4ee5ad9594be898bf60c4a5d3a8099b31bbb0aef3a68426608f3680af0d152",
    "https://deno.land/x/rimbu@0.10.0/multimap/mod.ts": "cb617a8c2ad18f0ac70d19b7fc95334e602025f7457b42b5f36aca7479687aba",
    "https://deno.land/x/rimbu@0.10.0/multiset/custom/implementation/base.ts": "9d013f6419d279c296bc5f3254906050f39d6381e5452c857f950865caa799f0",
    "https://deno.land/x/rimbu@0.10.0/multiset/custom/index.ts": "07324391270d7bd3ee877a8f748401043b5bcb50e962152da5fe657a77281e96",
    "https://deno.land/x/rimbu@0.10.0/multiset/custom/interface/base.ts": "84b33f1a3621b2bb67fb685f6f043088dae3ba4346f1bdfa444494c3a8d9e329",
    "https://deno.land/x/rimbu@0.10.0/multiset/custom/interface/creators.ts": "2506f1d6e9ea57b0c1b3c8d2a9662f467a359677f3747c52fee7400890c44d26",
    "https://deno.land/x/rimbu@0.10.0/multiset/main/index.ts": "609acc27d79b6d0813149bc8239ca62d3d26e6c2c076be5975a1e3337d0efdb1",
    "https://deno.land/x/rimbu@0.10.0/multiset/main/interface/generic/generic.ts": "03383acc726f15f296332549d20f3a3f8872bb06f7dff5beba6f2f09ae655366",
    "https://deno.land/x/rimbu@0.10.0/multiset/main/interface/generic/variant.ts": "e3ad481f382c9d598646b7653d26db4c78bf6c49b15282a7fba55ace65f35a06",
    "https://deno.land/x/rimbu@0.10.0/multiset/main/interface/hashed/interface.ts": "5e079df57b43bc83ae09ee424cbb8fc60ad5e83bd993b99f1d9fad89b59abc3c",
    "https://deno.land/x/rimbu@0.10.0/multiset/main/interface/sorted/interface.ts": "cbaa491d286f1df95e768d118d9f9c4fb977f22e861b7d1cd13cdb00682f82b7",
    "https://deno.land/x/rimbu@0.10.0/multiset/mod.ts": "cb617a8c2ad18f0ac70d19b7fc95334e602025f7457b42b5f36aca7479687aba",
    "https://deno.land/x/rimbu@0.10.0/ordered/main/index.ts": "5ae94f1c52fced5123a00ca858be42860dc7092ee2288fd9a9173bfabe6e62ee",
    "https://deno.land/x/rimbu@0.10.0/ordered/map-custom/implementation/builder.ts": "3fd705e437625ef6dc856fb3a9f1412518418c17df5cca6d62eafb6b565232af",
    "https://deno.land/x/rimbu@0.10.0/ordered/map-custom/implementation/context.ts": "76326da8b2a413e0d412b7ded1badf275321a98238870890f7ac25ba35bb1b82",
    "https://deno.land/x/rimbu@0.10.0/ordered/map-custom/implementation/empty.ts": "6fff3178289563860d4e608ed8b1bb4d38a467e3fcf62b4204e74bae4ca1fdd6",
    "https://deno.land/x/rimbu@0.10.0/ordered/map-custom/implementation/non-empty.ts": "2b2111336bcff1f42f7cd0803aaacbea1f8b1ba3d045582a5ae08425861c1c77",
    "https://deno.land/x/rimbu@0.10.0/ordered/map-custom/index.ts": "9b1e4251125fe719be372e1bede10517a398f7d411306f6f48e13ac2494c7ade",
    "https://deno.land/x/rimbu@0.10.0/ordered/map-custom/interface/base.ts": "491d0f6031ec5c491067ac7778dbcde30b398244467712396a90b8efa2ca30d0",
    "https://deno.land/x/rimbu@0.10.0/ordered/map-custom/interface/creators.ts": "68df8fdd77072fbbfcdd7b6f983b843c9c9a4306a80a9f44c6273017107fd126",
    "https://deno.land/x/rimbu@0.10.0/ordered/map/index.ts": "5e1c64d5a5b9d3a0afdef08cf4fdf08e30f988d6709b34607248b91101001968",
    "https://deno.land/x/rimbu@0.10.0/ordered/map/interface/ordered-hash-map.ts": "d041908eadd01c7cf280033c514f557fcfc08ee220db4f89c8f0cc422618c8e4",
    "https://deno.land/x/rimbu@0.10.0/ordered/map/interface/ordered-map.ts": "b1a50ecfc31ef31ffecd8af5dc9d298f4b998cddc675289a03ae6522c9ae1e59",
    "https://deno.land/x/rimbu@0.10.0/ordered/map/interface/ordered-sorted-map.ts": "e69cc99d070e34229712b7aa1cd09f18b8db15b2b25e954e67bf2dcae02d58b5",
    "https://deno.land/x/rimbu@0.10.0/ordered/mod.ts": "cb617a8c2ad18f0ac70d19b7fc95334e602025f7457b42b5f36aca7479687aba",
    "https://deno.land/x/rimbu@0.10.0/ordered/set-custom/implementation/builder.ts": "670bcddfa88fddfaa708a9edacacebc0175adcbfebb7be809d74346d75f40a17",
    "https://deno.land/x/rimbu@0.10.0/ordered/set-custom/implementation/context.ts": "ebfa16fb0388676cd0c4566ea950a1c2b8175f53718f50c3715ba04734389aff",
    "https://deno.land/x/rimbu@0.10.0/ordered/set-custom/implementation/empty.ts": "390fc32956974cfc4f12d1d111f1ca0cc477f3b450320bb8ef34ecd69bac742a",
    "https://deno.land/x/rimbu@0.10.0/ordered/set-custom/implementation/non-empty.ts": "610c98660aa0504bf689a4e567f91f7512e8d43d1e589ce3dfbb8dcb6e2f044a",
    "https://deno.land/x/rimbu@0.10.0/ordered/set-custom/index.ts": "9b1e4251125fe719be372e1bede10517a398f7d411306f6f48e13ac2494c7ade",
    "https://deno.land/x/rimbu@0.10.0/ordered/set-custom/interface/base.ts": "77e9d871f49155cab1bb1bd45bcdb6b50d659a633807c127df7b131e9bb29720",
    "https://deno.land/x/rimbu@0.10.0/ordered/set-custom/interface/creators.ts": "df6e5195afc7ef831a8d937fb12225c63a05e0e22a4157512614e7ebd1a80a3b",
    "https://deno.land/x/rimbu@0.10.0/ordered/set/index.ts": "b156d304e3da3e6d234c9485f94e49a27f96adaaf2f99e01cfe7a4e83f023077",
    "https://deno.land/x/rimbu@0.10.0/ordered/set/interface/ordered-hash-set.ts": "e8cd9acf2458bbccf23636962e63c286e1f896422750362b329f59e7d4a77fd5",
    "https://deno.land/x/rimbu@0.10.0/ordered/set/interface/ordered-set.ts": "a73dc84e5766407af1aabcde0b4c04db5852ba54b2463ab98bcf6cea9e061d87",
    "https://deno.land/x/rimbu@0.10.0/ordered/set/interface/ordered-sorted-set.ts": "5ccd569eac98f7743ef81ec0f150a6f978f3446a2e57bc445cf24fc298166df2",
    "https://deno.land/x/rimbu@0.10.0/sorted/common/base.ts": "6eaa01ab9f3999e2446426e8257eb6a9a93f2bd1fd066c88be22bdacfe7c8dcc",
    "https://deno.land/x/rimbu@0.10.0/sorted/common/index.ts": "3d866b10033f80b9252ae4fdc99286808388a16eda84df91e4df974072a1367c",
    "https://deno.land/x/rimbu@0.10.0/sorted/common/sorted-index.ts": "c585660db90a83e863e7df2c350ce7ce21ddc8110e940801afd8f46fc8c7920d",
    "https://deno.land/x/rimbu@0.10.0/sorted/main/index.ts": "f9a9f415d8cc43ec939ff6b5c6ec56ff1b9a2c2911a772bc31b0dcc3232b76dd",
    "https://deno.land/x/rimbu@0.10.0/sorted/map-custom/creators.ts": "1722e2d85b58c0cfc9828aaa191794d515ba34ac1c7e06f614d39e2da204a377",
    "https://deno.land/x/rimbu@0.10.0/sorted/map-custom/implementation/builder.ts": "2c290f6b25f8d6cf74cc4313c51abcb8791582600488f0b3ad4206604d822a40",
    "https://deno.land/x/rimbu@0.10.0/sorted/map-custom/implementation/context.ts": "174feff9043db28e2d9de975f76f70da84d96b7da8c07fbdcf62476dafc78f82",
    "https://deno.land/x/rimbu@0.10.0/sorted/map-custom/implementation/immutable.ts": "f628b31cb9c662aa4aa336a41ed73fc2e22b019c6a75fe0f28c0f102233fe876",
    "https://deno.land/x/rimbu@0.10.0/sorted/map-custom/index.ts": "8dd2715354c0835177e9d2d756c4b17f9288c2ecab7ee09c12b9cb080da398fc",
    "https://deno.land/x/rimbu@0.10.0/sorted/map/index.ts": "d4cd672755b588f93728a225748350a55e3147fc9a74b07233ee6fa001447dab",
    "https://deno.land/x/rimbu@0.10.0/sorted/map/interface/index.ts": "b654ca6585a1e7be61d17bdccde76b6a3eadf9fbf4cfed801570ec9387afbf0a",
    "https://deno.land/x/rimbu@0.10.0/sorted/mod.ts": "cb617a8c2ad18f0ac70d19b7fc95334e602025f7457b42b5f36aca7479687aba",
    "https://deno.land/x/rimbu@0.10.0/sorted/set-custom/creators.ts": "7f669565d23df309253acfd09cf970ba3e0054b98d75c5065fcc8b91ac1aaab4",
    "https://deno.land/x/rimbu@0.10.0/sorted/set-custom/implementation/builder.ts": "df84274bda7193b7c1d09ede57cf1a8483379e63d8436f0847e76d1cc0f14457",
    "https://deno.land/x/rimbu@0.10.0/sorted/set-custom/implementation/context.ts": "aaafe742aaf5f71e548cc804081543949cb7b04632fed4ecad0bc799cf44eb7f",
    "https://deno.land/x/rimbu@0.10.0/sorted/set-custom/implementation/immutable.ts": "734d8b7326f2e3bd8eac9c8398c232957d4ad9f7333fdba6844097e1a78bf658",
    "https://deno.land/x/rimbu@0.10.0/sorted/set-custom/index.ts": "8dd2715354c0835177e9d2d756c4b17f9288c2ecab7ee09c12b9cb080da398fc",
    "https://deno.land/x/rimbu@0.10.0/sorted/set/index.ts": "3ad775b88a240c732d0033ca4583a75636cf47b0781c63561cf07a80affabb39",
    "https://deno.land/x/rimbu@0.10.0/sorted/set/interface/index.ts": "ec65eb4da4f02b47a943fc66c9c9bc6fa97a29abc006fb6724e6714feebba326",
    "https://deno.land/x/rimbu@0.10.0/stream/async-custom/async-fast-iterator-base.ts": "805ee9d3b8aca029bf0ce4e61d2fb473b667760762476024d56cfe2bb473788c",
    "https://deno.land/x/rimbu@0.10.0/stream/async-custom/async-stream-custom.ts": "1121c399a4b03bc0ba55559a8053405e452634bdb183d69b1536ba6af3f1bf7d",
    "https://deno.land/x/rimbu@0.10.0/stream/async-custom/constructors.ts": "8f4f6a98c9fe75ae261499318eb6ed70701bed99ca16792c8ea6a6c0834cc7f9",
    "https://deno.land/x/rimbu@0.10.0/stream/async-custom/index.ts": "69df862e7fb6857a1d74eeffae1ba342e439dc10e5b09361e32844e51aef56e4",
    "https://deno.land/x/rimbu@0.10.0/stream/async-custom/utils.ts": "5a003d538f625b29cf8bccefdaecf99c60f7bea4abeed3410226c565f10ce5d7",
    "https://deno.land/x/rimbu@0.10.0/stream/async/async-fast-iterable.ts": "a823ef280d64f98205fa2d7c694fa0c4a5abdb38b37f973a71d681c58df1fa51",
    "https://deno.land/x/rimbu@0.10.0/stream/async/async-fast-iterator.ts": "f4619205ce43a204cc67462cefb1db0afd266a594de6e82435ed78cd55918a98",
    "https://deno.land/x/rimbu@0.10.0/stream/async/async-stream-source.ts": "c605d3bb2815f07412429c0092af681620de205ca3c9dd9fdc2c3327a4417cbe",
    "https://deno.land/x/rimbu@0.10.0/stream/async/async-streamable.ts": "cbf9d32f5ffe617662599da6c06d4c8b500f6c191c1a67eaed796364c7de5ad4",
    "https://deno.land/x/rimbu@0.10.0/stream/async/index.ts": "b2bd0ccee15ad56f87fffbb9809a514196a9890007b98f2052515a1ee408ccef",
    "https://deno.land/x/rimbu@0.10.0/stream/async/interface.ts": "f71609a14c1fdfb8611614fdb2e1adaaa6cff000134966555d5ad54d1f33b72c",
    "https://deno.land/x/rimbu@0.10.0/stream/custom/constructors.ts": "16e6efe1d85f26aad15dc769dd41b729a59bc5baf007096ebd366633571190ce",
    "https://deno.land/x/rimbu@0.10.0/stream/custom/fast-iterator-custom.ts": "6e7ee5a0d1b6d141ef350b5743b229e9e7ffb64e85abf2ef44e44ab7fb6b5bf2",
    "https://deno.land/x/rimbu@0.10.0/stream/custom/index.ts": "6f317eba53502da6199797a9e0e1539b86ecd12ee7eccd53bff853289f292940",
    "https://deno.land/x/rimbu@0.10.0/stream/custom/stream-custom.ts": "3db5770b2202c1821f8e90172bc438a3579cffd4d983ecb17d3ea2aa0439a5a0",
    "https://deno.land/x/rimbu@0.10.0/stream/main/fast-iterable.ts": "8fa0f917b342c5c82a46d5c45f8f1015b6597529fb6dc26f500db4e54ea83f08",
    "https://deno.land/x/rimbu@0.10.0/stream/main/fast-iterator.ts": "cf872324252cd752dd002f4726a67d2a5c15c8cb6ae98e6e0745c68be41492c8",
    "https://deno.land/x/rimbu@0.10.0/stream/main/index.ts": "bf30e0a68c73f7f5fbd94a859ef6b705ba5bdc49a5195c42475841fc351cf519",
    "https://deno.land/x/rimbu@0.10.0/stream/main/interface.ts": "1e8b364ae03c8ede5e4667744089f93f93fe410673c6451a7a7e577694c11a05",
    "https://deno.land/x/rimbu@0.10.0/stream/main/stream-source.ts": "78339f89f6ad9245d80093bed1b10ceedd60ff16ba8043d339cc87b0124d937e",
    "https://deno.land/x/rimbu@0.10.0/stream/main/streamable.ts": "6d74e918e8df7640de7dc16cff4d30d73aa069d7b816ffab8d10f17c5006d06d",
    "https://deno.land/x/rimbu@0.10.0/stream/mod.ts": "cb617a8c2ad18f0ac70d19b7fc95334e602025f7457b42b5f36aca7479687aba",
    "https://deno.land/x/rimbu@0.10.0/table/custom/implementation/base.ts": "ca63ad790a3cd7387bec196e70128f95452653b561daaefb31fdd7719f385c94",
    "https://deno.land/x/rimbu@0.10.0/table/custom/index.ts": "07324391270d7bd3ee877a8f748401043b5bcb50e962152da5fe657a77281e96",
    "https://deno.land/x/rimbu@0.10.0/table/custom/interface/base.ts": "adeb4bf0d368f450653a6e8b12c3e9b03689c4e71f573f0729a9b88eef0256ab",
    "https://deno.land/x/rimbu@0.10.0/table/custom/interface/creators.ts": "7eb377d9d9daad17b9033aa09f9523625fe846887aa75e10185398d87cef671c",
    "https://deno.land/x/rimbu@0.10.0/table/hash-row/hash-column/interface.ts": "0af2adca4bc833c9c06a5a2d4acef67b901d6f412882b945a1f0f50b66eaf98a",
    "https://deno.land/x/rimbu@0.10.0/table/hash-row/index.ts": "072233cd907e161452db9eb9a6c9fa29b3ceee6a7a153a595c9696276396d691",
    "https://deno.land/x/rimbu@0.10.0/table/hash-row/sorted-column/interface.ts": "1d9afab8d4270e965b8fe704895e1077855595eaddc56c402f528cb23b2b14d6",
    "https://deno.land/x/rimbu@0.10.0/table/main/index.ts": "18eafb993d5917d9404f5a0f436eab0e9742a2052ec6e0d218fb761fd9afdfa9",
    "https://deno.land/x/rimbu@0.10.0/table/main/interface/generic.ts": "a31606520af14e84c190089dc1c7caec71339a3297d8520afe6307a7f1979a70",
    "https://deno.land/x/rimbu@0.10.0/table/main/interface/variant.ts": "2fb572e0505eb61406ab7b47bcfd734913934452b1382fe898c75644b7e0341d",
    "https://deno.land/x/rimbu@0.10.0/table/mod.ts": "cb617a8c2ad18f0ac70d19b7fc95334e602025f7457b42b5f36aca7479687aba",
    "https://deno.land/x/rimbu@0.10.0/table/sorted-row/hash-column/interface.ts": "ec745d2e02a4594aa84aa498d4b53da80e14c7b9592d0a2839bb7ddfdc58c703",
    "https://deno.land/x/rimbu@0.10.0/table/sorted-row/index.ts": "75e7e529b37a30cf82b87aee6fecf74db3480ec471db94bf44e820680f8287a6",
    "https://deno.land/x/rimbu@0.10.0/table/sorted-row/sorted-column/interface.ts": "25085f32813cc3e18732bc44a5b9d2edfff69ebd1cb59b34c78ee5cac2b04c9f"
  },
  "workspace": {
    "packageJson": {
      "dependencies": [
        "npm:@eslint/js@^9.39.1",
        "npm:@microsoft/api-extractor@^7.55.1",
        "npm:@vitest/coverage-v8@^4.0.13",
        "npm:commitizen@^4.3.1",
        "npm:cz-conventional-changelog@^3.3.0",
        "npm:denoify@^1.6.17",
        "npm:eslint-config-prettier@^10.1.8",
        "npm:eslint-plugin-prettier@^5.5.4",
        "npm:eslint@^9.39.1",
        "npm:husky@^9.1.7",
        "npm:lerna@^9.0.1",
        "npm:lint-staged@^16.2.7",
        "npm:prettier@^3.6.2",
        "npm:rimraf@^6.1.2",
        "npm:tsd@0.33",
        "npm:tsx@^4.20.6",
        "npm:typescript-eslint@^8.47.0",
        "npm:typescript@^5.9.3",
        "npm:vite-tsconfig-paths@^5.1.4",
        "npm:vitest@^4.0.13"
      ]
    }
  }
}
